
Microsoft Visual Studio Solution File, Format Version 12.00
# Visual Studio Version 16
VisualStudioVersion = 16.0.31911.196
MinimumVisualStudioVersion = 10.0.40219.1
Project("{9A19103F-16F7-4668-BE54-9A1E7A4F7556}") = "DataAccess", "DataAccess\DataAccess.csproj", "{3861C055-A6F2-4428-B0D9-43FBDABD6BAF}"
EndProject
Project("{9A19103F-16F7-4668-BE54-9A1E7A4F7556}") = "Business", "Business\Business.csproj", "{165B0B87-DC21-42E9-9C8D-111023D5EAFD}"
EndProject
Project("{9A19103F-16F7-4668-BE54-9A1E7A4F7556}") = "Entities", "Entities\Entities.csproj", "{6C76A699-26BF-42DE-A832-6FA66F2035A5}"
EndProject
Project("{9A19103F-16F7-4668-BE54-9A1E7A4F7556}") = "ConsoleUI", "ConsoleUI\ConsoleUI.csproj", "{98E5C036-D37C-4637-8077-D0586782D721}"
EndProject
Project("{9A19103F-16F7-4668-BE54-9A1E7A4F7556}") = "Core", "Core\Core.csproj", "{7F4A51F0-3007-4F75-B17A-3AD440C1FC0A}"
EndProject
Project("{FAE04EC0-301F-11D3-BF4B-00C04F79EFBC}") = "WebAPI", "WebAPI\WebAPI.csproj", "{DAC8A805-AAFA-4EC2-A5D3-99006CD2CE69}"
EndProject
Global
	GlobalSection(SolutionConfigurationPlatforms) = preSolution
		Debug|Any CPU = Debug|Any CPU
		Release|Any CPU = Release|Any CPU
	EndGlobalSection
	GlobalSection(ProjectConfigurationPlatforms) = postSolution
		{3861C055-A6F2-4428-B0D9-43FBDABD6BAF}.Debug|Any CPU.ActiveCfg = Debug|Any CPU
		{3861C055-A6F2-4428-B0D9-43FBDABD6BAF}.Debug|Any CPU.Build.0 = Debug|Any CPU
		{3861C055-A6F2-4428-B0D9-43FBDABD6BAF}.Release|Any CPU.ActiveCfg = Release|Any CPU
		{3861C055-A6F2-4428-B0D9-43FBDABD6BAF}.Release|Any CPU.Build.0 = Release|Any CPU
		{165B0B87-DC21-42E9-9C8D-111023D5EAFD}.Debug|Any CPU.ActiveCfg = Debug|Any CPU
		{165B0B87-DC21-42E9-9C8D-111023D5EAFD}.Debug|Any CPU.Build.0 = Debug|Any CPU
		{165B0B87-DC21-42E9-9C8D-111023D5EAFD}.Release|Any CPU.ActiveCfg = Release|Any CPU
		{165B0B87-DC21-42E9-9C8D-111023D5EAFD}.Release|Any CPU.Build.0 = Release|Any CPU
		{6C76A699-26BF-42DE-A832-6FA66F2035A5}.Debug|Any CPU.ActiveCfg = Debug|Any CPU
		{6C76A699-26BF-42DE-A832-6FA66F2035A5}.Debug|Any CPU.Build.0 = Debug|Any CPU
		{6C76A699-26BF-42DE-A832-6FA66F2035A5}.Release|Any CPU.ActiveCfg = Release|Any CPU
		{6C76A699-26BF-42DE-A832-6FA66F2035A5}.Release|Any CPU.Build.0 = Release|Any CPU
		{98E5C036-D37C-4637-8077-D0586782D721}.Debug|Any CPU.ActiveCfg = Debug|Any CPU
		{98E5C036-D37C-4637-8077-D0586782D721}.Debug|Any CPU.Build.0 = Debug|Any CPU
		{98E5C036-D37C-4637-8077-D0586782D721}.Release|Any CPU.ActiveCfg = Release|Any CPU
		{98E5C036-D37C-4637-8077-D0586782D721}.Release|Any CPU.Build.0 = Release|Any CPU
		{7F4A51F0-3007-4F75-B17A-3AD440C1FC0A}.Debug|Any CPU.ActiveCfg = Debug|Any CPU
		{7F4A51F0-3007-4F75-B17A-3AD440C1FC0A}.Debug|Any CPU.Build.0 = Debug|Any CPU
		{7F4A51F0-3007-4F75-B17A-3AD440C1FC0A}.Release|Any CPU.ActiveCfg = Release|Any CPU
		{7F4A51F0-3007-4F75-B17A-3AD440C1FC0A}.Release|Any CPU.Build.0 = Release|Any CPU
		{DAC8A805-AAFA-4EC2-A5D3-99006CD2CE69}.Debug|Any CPU.ActiveCfg = Debug|Any CPU
		{DAC8A805-AAFA-4EC2-A5D3-99006CD2CE69}.Debug|Any CPU.Build.0 = Debug|Any CPU
		{DAC8A805-AAFA-4EC2-A5D3-99006CD2CE69}.Release|Any CPU.ActiveCfg = Release|Any CPU
		{DAC8A805-AAFA-4EC2-A5D3-99006CD2CE69}.Release|Any CPU.Build.0 = Release|Any CPU
	EndGlobalSection
	GlobalSection(SolutionProperties) = preSolution
		HideSolutionNode = FALSE
	EndGlobalSection
	GlobalSection(ExtensibilityGlobals) = postSolution
		SolutionGuid = {00A4F9EF-F77B-4D9E-BC32-25FE56913774}
	EndGlobalSection
EndGlobal
